
Microsoft Visual Studio Solution File, Format Version 12.00
# Visual Studio Version 17
VisualStudioVersion = 17.0.31919.166
MinimumVisualStudioVersion = 10.0.40219.1
Project("{E53339B2-1760-4266-BCC7-CA923CBCF16C}") = "LocalDocker", "LocalDocker\LocalDocker.dcproj", "{39FF77FC-BC74-40E0-AABA-A3698F4CF1F1}"
EndProject
Project("{FAE04EC0-301F-11D3-BF4B-00C04F79EFBC}") = "Leaderboard.WebAPI", "Leaderboard.WebAPI\Leaderboard.WebAPI.csproj", "{E1DCCC4D-7EB8-43DE-8E5A-E8E2783892B6}"
EndProject
Project("{2150E333-8FDC-42A3-9474-1A3956D46DE8}") = "Solution Items", "Solution Items", "{17501CB2-4B65-4504-ABBF-F163EDE0AB70}"
	ProjectSection(SolutionItems) = preProject
		.dockerignore = .dockerignore
		.editorconfig = .editorconfig
		.gitignore = .gitignore
		.github\workflows\dotnet.yml = .github\workflows\dotnet.yml
	EndProjectSection
EndProject
Project("{FAE04EC0-301F-11D3-BF4B-00C04F79EFBC}") = "Leaderboard", "Leaderboard\Leaderboard.csproj", "{8E3532D7-455E-42D8-ACE4-5A1333F1FF71}"
EndProject
Project("{FAE04EC0-301F-11D3-BF4B-00C04F79EFBC}") = "LeaderboardTests", "LeaderboardTests\LeaderboardTests.csproj", "{C89EBE96-5B67-48C3-BDD9-0E876747A996}"
EndProject
Global
	GlobalSection(SolutionConfigurationPlatforms) = preSolution
		Debug|Any CPU = Debug|Any CPU
		Release|Any CPU = Release|Any CPU
	EndGlobalSection
	GlobalSection(ProjectConfigurationPlatforms) = postSolution
		{39FF77FC-BC74-40E0-AABA-A3698F4CF1F1}.Debug|Any CPU.ActiveCfg = Debug|Any CPU
		{39FF77FC-BC74-40E0-AABA-A3698F4CF1F1}.Debug|Any CPU.Build.0 = Debug|Any CPU
		{39FF77FC-BC74-40E0-AABA-A3698F4CF1F1}.Release|Any CPU.ActiveCfg = Release|Any CPU
		{39FF77FC-BC74-40E0-AABA-A3698F4CF1F1}.Release|Any CPU.Build.0 = Release|Any CPU
		{E1DCCC4D-7EB8-43DE-8E5A-E8E2783892B6}.Debug|Any CPU.ActiveCfg = Debug|Any CPU
		{E1DCCC4D-7EB8-43DE-8E5A-E8E2783892B6}.Debug|Any CPU.Build.0 = Debug|Any CPU
		{E1DCCC4D-7EB8-43DE-8E5A-E8E2783892B6}.Release|Any CPU.ActiveCfg = Release|Any CPU
		{E1DCCC4D-7EB8-43DE-8E5A-E8E2783892B6}.Release|Any CPU.Build.0 = Release|Any CPU
		{8E3532D7-455E-42D8-ACE4-5A1333F1FF71}.Debug|Any CPU.ActiveCfg = Debug|Any CPU
		{8E3532D7-455E-42D8-ACE4-5A1333F1FF71}.Debug|Any CPU.Build.0 = Debug|Any CPU
		{8E3532D7-455E-42D8-ACE4-5A1333F1FF71}.Release|Any CPU.ActiveCfg = Release|Any CPU
		{8E3532D7-455E-42D8-ACE4-5A1333F1FF71}.Release|Any CPU.Build.0 = Release|Any CPU
		{C89EBE96-5B67-48C3-BDD9-0E876747A996}.Debug|Any CPU.ActiveCfg = Debug|Any CPU
		{C89EBE96-5B67-48C3-BDD9-0E876747A996}.Debug|Any CPU.Build.0 = Debug|Any CPU
		{C89EBE96-5B67-48C3-BDD9-0E876747A996}.Release|Any CPU.ActiveCfg = Release|Any CPU
		{C89EBE96-5B67-48C3-BDD9-0E876747A996}.Release|Any CPU.Build.0 = Release|Any CPU
	EndGlobalSection
	GlobalSection(SolutionProperties) = preSolution
		HideSolutionNode = FALSE
	EndGlobalSection
	GlobalSection(ExtensibilityGlobals) = postSolution
		SolutionGuid = {325ED898-F171-48F5-B0A3-87AC9C47D537}
	EndGlobalSection
EndGlobal
